{
  "name": "middleware",
  "version": "1.0.0",
  "lockfileVersion": 1,
  "requires": true,
  "dependencies": {
    "bezier-js": {
      "version": "2.6.1",
      "resolved": "https://registry.npmjs.org/bezier-js/-/bezier-js-2.6.1.tgz",
      "integrity": "sha512-jelZM33eNzcZ9snJ/5HqJLw3IzXvA8RFcBjkdOB8SDYyOvW8Y2tTosojAiBTnD1MhbHoWUYNbxUXxBl61TxbRg=="
    },
    "commander": {
      "version": "0.6.1",
      "resolved": "https://registry.npmjs.org/commander/-/commander-0.6.1.tgz",
      "integrity": "sha1-+mihT2qUXVTbvlDYzbMyDp47GgY="
    },
    "gl-matrix": {
      "version": "2.2.1",
      "resolved": "https://registry.npmjs.org/gl-matrix/-/gl-matrix-2.2.1.tgz",
      "integrity": "sha1-AVvc1VtsYyhgmAsTsxKWYorhDM4="
    },
    "leapjs": {
      "version": "0.6.4",
      "resolved": "https://registry.npmjs.org/leapjs/-/leapjs-0.6.4.tgz",
      "integrity": "sha1-kFiLDynB05JEuXoU122qQCfHito=",
      "requires": {
        "gl-matrix": "2.2.1",
        "underscore": "1.4.4",
        "ws": "0.4.25"
      }
    },
    "options": {
      "version": "0.0.6",
      "resolved": "https://registry.npmjs.org/options/-/options-0.0.6.tgz",
      "integrity": "sha1-7CLTEoBrtT5zF3Pnza788cZDEo8="
    },
    "p5": {
      "version": "1.0.0",
      "resolved": "https://registry.npmjs.org/p5/-/p5-1.0.0.tgz",
      "integrity": "sha512-SYYc6NSHA/mMoF00SdI39FmhifMWl0B74/Bg3T793v+KOAWgXsBfr7snv9cjHFqpcmjtJMuZSOoA55qAETCu1w=="
    },
    "quaternion": {
      "version": "1.1.0",
      "resolved": "https://registry.npmjs.org/quaternion/-/quaternion-1.1.0.tgz",
      "integrity": "sha512-mLTtnzuMtUzguemuvsxD+KPS4F05H1Bw/4cNsQQvzfvPEGvkmWLRoAKsHT0V9go4X4hOU3LCtuxqWXQi3JN+SA=="
    },
    "stewart": {
      "version": "1.0.0",
      "resolved": "https://registry.npmjs.org/stewart/-/stewart-1.0.0.tgz",
      "integrity": "sha512-scP7wyzSCfI6vLu0ZPr22Z+Qq1bNrtPVsulRzDGGdDEaA2b1jyKn2rcz6MelR2Ks+Xnaa//i2dLWww6l+vPGdQ==",
      "requires": {
        "bezier-js": "^2.3.2",
        "leapjs": "^0.6.4",
        "p5": "=0.7.2",
        "quaternion": "^1.0.5"
      },
      "dependencies": {
        "p5": {
          "version": "0.7.2",
          "resolved": "https://registry.npmjs.org/p5/-/p5-0.7.2.tgz",
          "integrity": "sha512-EQJSvnUiB9xuGnhX+m4SWrtL7Ks6nLetu5DE+r4B+jmYZey4k3C+MJ8N05ptNL+jqpNkkuo87xoEDi6hzCv0EA=="
        }
      }
    },
    "tinycolor": {
      "version": "0.0.1",
      "resolved": "https://registry.npmjs.org/tinycolor/-/tinycolor-0.0.1.tgz",
      "integrity": "sha1-MgtaUtg6u1l42Bo+iH1K77FaYWQ="
    },
    "underscore": {
      "version": "1.4.4",
      "resolved": "https://registry.npmjs.org/underscore/-/underscore-1.4.4.tgz",
      "integrity": "sha1-YaajIBBiKvoHljvzJSA88SI51gQ="
    },
    "ws": {
      "version": "0.4.25",
      "resolved": "https://registry.npmjs.org/ws/-/ws-0.4.25.tgz",
      "integrity": "sha1-PcoG/t3CWUSveA17Ados9j2nrMg=",
      "requires": {
        "commander": "~0.6.1",
        "options": "^0.0.6",
        "tinycolor": "0.x"
      }
    }
  }
}
